
Microsoft Visual Studio Solution File, Format Version 12.00
# Visual Studio Version 17
VisualStudioVersion = 17.5.002.0
MinimumVisualStudioVersion = 10.0.40219.1
Project("{9A19103F-16F7-4668-BE54-9A1E7A4F7556}") = "dotnet-101", "dotnet-101.csproj", "{AAA2855E-4BFB-4AE4-BF8D-EA3F2B7F3F2F}"
EndProject
Global
	GlobalSection(SolutionConfigurationPlatforms) = preSolution
		Debug|Any CPU = Debug|Any CPU
		Release|Any CPU = Release|Any CPU
	EndGlobalSection
	GlobalSection(ProjectConfigurationPlatforms) = postSolution
		{AAA2855E-4BFB-4AE4-BF8D-EA3F2B7F3F2F}.Debug|Any CPU.ActiveCfg = Debug|Any CPU
		{AAA2855E-4BFB-4AE4-BF8D-EA3F2B7F3F2F}.Debug|Any CPU.Build.0 = Debug|Any CPU
		{AAA2855E-4BFB-4AE4-BF8D-EA3F2B7F3F2F}.Release|Any CPU.ActiveCfg = Release|Any CPU
		{AAA2855E-4BFB-4AE4-BF8D-EA3F2B7F3F2F}.Release|Any CPU.Build.0 = Release|Any CPU
	EndGlobalSection
	GlobalSection(SolutionProperties) = preSolution
		HideSolutionNode = FALSE
	EndGlobalSection
	GlobalSection(ExtensibilityGlobals) = postSolution
		SolutionGuid = {99B4617E-8BE6-4742-AC46-9EDFB863E3A2}
	EndGlobalSection
EndGlobal
